// !$*UTF8*$!
{
	archiveVersion = 1;
	classes = {
	};
	objectVersion = 48;
	objects = {

/* Begin PBXBuildFile section */
		D91D96F621D534D900A91F01 /* AppDelegate.swift in Sources */ = {isa = PBXBuildFile; fileRef = D91D96F521D534D900A91F01 /* AppDelegate.swift */; };
		D91D96F821D534D900A91F01 /* RecordSoundViewController.swift in Sources */ = {isa = PBXBuildFile; fileRef = D91D96F721D534D900A91F01 /* RecordSoundViewController.swift */; };
		D91D96FB21D534D900A91F01 /* Main.storyboard in Resources */ = {isa = PBXBuildFile; fileRef = D91D96F921D534D900A91F01 /* Main.storyboard */; };
		D91D96FD21D534D900A91F01 /* Assets.xcassets in Resources */ = {isa = PBXBuildFile; fileRef = D91D96FC21D534D900A91F01 /* Assets.xcassets */; };
		D91D970021D534D900A91F01 /* LaunchScreen.storyboard in Resources */ = {isa = PBXBuildFile; fileRef = D91D96FE21D534D900A91F01 /* LaunchScreen.storyboard */; };
		D9F101A721DF8A29005441AA /* playSoundViewController.swift in Sources */ = {isa = PBXBuildFile; fileRef = D9F101A621DF8A29005441AA /* playSoundViewController.swift */; };
		D9FF04CD21E292D700CFA6DD /* playsoundsviewcontroller+Audio.swift in Sources */ = {isa = PBXBuildFile; fileRef = D9FF04CC21E292D700CFA6DD /* playsoundsviewcontroller+Audio.swift */; };
/* End PBXBuildFile section */

/* Begin PBXFileReference section */
		D91D96F221D534D900A91F01 /* pitchApp.app */ = {isa = PBXFileReference; explicitFileType = wrapper.application; includeInIndex = 0; path = pitchApp.app; sourceTree = BUILT_PRODUCTS_DIR; };
		D91D96F521D534D900A91F01 /* AppDelegate.swift */ = {isa = PBXFileReference; lastKnownFileType = sourcecode.swift; path = AppDelegate.swift; sourceTree = "<group>"; };
		D91D96F721D534D900A91F01 /* RecordSoundViewController.swift */ = {isa = PBXFileReference; lastKnownFileType = sourcecode.swift; path = RecordSoundViewController.swift; sourceTree = "<group>"; };
		D91D96FA21D534D900A91F01 /* Base */ = {isa = PBXFileReference; lastKnownFileType = file.storyboard; name = Base; path = Base.lproj/Main.storyboard; sourceTree = "<group>"; };
		D91D96FC21D534D900A91F01 /* Assets.xcassets */ = {isa = PBXFileReference; lastKnownFileType = folder.assetcatalog; path = Assets.xcassets; sourceTree = "<group>"; };
		D91D96FF21D534D900A91F01 /* Base */ = {isa = PBXFileReference; lastKnownFileType = file.storyboard; name = Base; path = Base.lproj/LaunchScreen.storyboard; sourceTree = "<group>"; };
		D91D970121D534D900A91F01 /* Info.plist */ = {isa = PBXFileReference; lastKnownFileType = text.plist.xml; path = Info.plist; sourceTree = "<group>"; };
		D9F101A621DF8A29005441AA /* playSoundViewController.swift */ = {isa = PBXFileReference; lastKnownFileType = sourcecode.swift; path = playSoundViewController.swift; sourceTree = "<group>"; };
		D9FF04CC21E292D700CFA6DD /* playsoundsviewcontroller+Audio.swift */ = {isa = PBXFileReference; lastKnownFileType = sourcecode.swift; path = "playsoundsviewcontroller+Audio.swift"; sourceTree = "<group>"; };
/* End PBXFileReference section */

/* Begin PBXFrameworksBuildPhase section */
		D91D96EF21D534D900A91F01 /* Frameworks */ = {
			isa = PBXFrameworksBuildPhase;
			buildActionMask = 2147483647;
			files = (
			);
			runOnlyForDeploymentPostprocessing = 0;
		};
/* End PBXFrameworksBuildPhase section */

/* Begin PBXGroup section */
		D91D96E921D534D900A91F01 = {
			isa = PBXGroup;
			children = (
				D91D96F421D534D900A91F01 /* pitchApp */,
				D91D96F321D534D900A91F01 /* Products */,
			);
			sourceTree = "<group>";
		};
		D91D96F321D534D900A91F01 /* Products */ = {
			isa = PBXGroup;
			children = (
				D91D96F221D534D900A91F01 /* pitchApp.app */,
			);
			name = Products;
			sourceTree = "<group>";
		};
		D91D96F421D534D900A91F01 /* pitchApp */ = {
			isa = PBXGroup;
			children = (
				D91D96F521D534D900A91F01 /* AppDelegate.swift */,
				D91D96F721D534D900A91F01 /* RecordSoundViewController.swift */,
				D91D96F921D534D900A91F01 /* Main.storyboard */,
				D91D96FC21D534D900A91F01 /* Assets.xcassets */,
				D91D96FE21D534D900A91F01 /* LaunchScreen.storyboard */,
				D91D970121D534D900A91F01 /* Info.plist */,
				D9F101A621DF8A29005441AA /* playSoundViewController.swift */,
				D9FF04CC21E292D700CFA6DD /* playsoundsviewcontroller+Audio.swift */,
			);
			path = pitchApp;
			sourceTree = "<group>";
		};
/* End PBXGroup section */

/* Begin PBXNativeTarget section */
		D91D96F121D534D900A91F01 /* pitchApp */ = {
			isa = PBXNativeTarget;
			buildConfigurationList = D91D970421D534D900A91F01 /* Build configuration list for PBXNativeTarget "pitchApp" */;
			buildPhases = (
				D91D96EE21D534D900A91F01 /* Sources */,
				D91D96EF21D534D900A91F01 /* Frameworks */,
				D91D96F021D534D900A91F01 /* Resources */,
			);
			buildRules = (
			);
			dependencies = (
			);
			name = pitchApp;
			productName = pitchApp;
			productReference = D91D96F221D534D900A91F01 /* pitchApp.app */;
			productType = "com.apple.product-type.application";
		};
/* End PBXNativeTarget section */

/* Begin PBXProject section */
		D91D96EA21D534D900A91F01 /* Project object */ = {
			isa = PBXProject;
			attributes = {
				LastSwiftUpdateCheck = 0900;
				LastUpgradeCheck = 0900;
				ORGANIZATIONNAME = MohamedSh;
				TargetAttributes = {
					D91D96F121D534D900A91F01 = {
						CreatedOnToolsVersion = 9.0;
						ProvisioningStyle = Automatic;
					};
				};
			};
			buildConfigurationList = D91D96ED21D534D900A91F01 /* Build configuration list for PBXProject "pitchApp" */;
			compatibilityVersion = "Xcode 8.0";
			developmentRegion = en;
			hasScannedForEncodings = 0;
			knownRegions = (
				en,
				Base,
			);
			mainGroup = D91D96E921D534D900A91F01;
			productRefGroup = D91D96F321D534D900A91F01 /* Products */;
			projectDirPath = "";
			projectRoot = "";
			targets = (
				D91D96F121D534D900A91F01 /* pitchApp */,
			);
		};
/* End PBXProject section */

/* Begin PBXResourcesBuildPhase section */
		D91D96F021D534D900A91F01 /* Resources */ = {
			isa = PBXResourcesBuildPhase;
			buildActionMask = 2147483647;
			files = (
				D91D970021D534D900A91F01 /* LaunchScreen.storyboard in Resources */,
				D91D96FD21D534D900A91F01 /* Assets.xcassets in Resources */,
				D91D96FB21D534D900A91F01 /* Main.storyboard in Resources */,
			);
			runOnlyForDeploymentPostprocessing = 0;
		};
/* End PBXResourcesBuildPhase section */

/* Begin PBXSourcesBuildPhase section */
		D91D96EE21D534D900A91F01 /* Sources */ = {
			isa = PBXSourcesBuildPhase;
			buildActionMask = 2147483647;
			files = (
				D91D96F821D534D900A91F01 /* RecordSoundViewController.swift in Sources */,
				D9FF04CD21E292D700CFA6DD /* playsoundsviewcontroller+Audio.swift in Sources */,
				D9F101A721DF8A29005441AA /* playSoundViewController.swift in Sources */,
				D91D96F621D534D900A91F01 /* AppDelegate.swift in Sources */,
			);
			runOnlyForDeploymentPostprocessing = 0;
		};
/* End PBXSourcesBuildPhase section */

/* Begin PBXVariantGroup section */
		D91D96F921D534D900A91F01 /* Main.storyboard */ = {
			isa = PBXVariantGroup;
			children = (
				D91D96FA21D534D900A91F01 /* Base */,
			);
			name = Main.storyboard;
			sourceTree = "<group>";
		};
		D91D96FE21D534D900A91F01 /* LaunchScreen.storyboard */ = {
			isa = PBXVariantGroup;
			children = (
				D91D96FF21D534D900A91F01 /* Base */,
			);
			name = LaunchScreen.storyboard;
			sourceTree = "<group>";
		};
/* End PBXVariantGroup section */

/* Begin XCBuildConfiguration section */
		D91D970221D534D900A91F01 /* Debug */ = {
			isa = XCBuildConfiguration;
			buildSettings = {
				ALWAYS_SEARCH_USER_PATHS = NO;
				CLANG_ANALYZER_NONNULL = YES;
				CLANG_ANALYZER_NUMBER_OBJECT_CONVERSION = YES_AGGRESSIVE;
				CLANG_CXX_LANGUAGE_STANDARD = "gnu++14";
				CLANG_CXX_LIBRARY = "libc++";
				CLANG_ENABLE_MODULES = YES;
				CLANG_ENABLE_OBJC_ARC = YES;
				CLANG_WARN_BLOCK_CAPTURE_AUTORELEASING = YES;
				CLANG_WARN_BOOL_CONVERSION = YES;
				CLANG_WARN_COMMA = YES;
				CLANG_WARN_CONSTANT_CONVERSION = YES;
				CLANG_WARN_DIRECT_OBJC_ISA_USAGE = YES_ERROR;
				CLANG_WARN_DOCUMENTATION_COMMENTS = YES;
				CLANG_WARN_EMPTY_BODY = YES;
				CLANG_WARN_ENUM_CONVERSION = YES;
				CLANG_WARN_INFINITE_RECURSION = YES;
				CLANG_WARN_INT_CONVERSION = YES;
				CLANG_WARN_NON_LITERAL_NULL_CONVERSION = YES;
				CLANG_WARN_OBJC_LITERAL_CONVERSION = YES;
				CLANG_WARN_OBJC_ROOT_CLASS = YES_ERROR;
				CLANG_WARN_RANGE_LOOP_ANALYSIS = YES;
				CLANG_WARN_STRICT_PROTOTYPES = YES;
				CLANG_WARN_SUSPICIOUS_MOVE = YES;
				CLANG_WARN_UNGUARDED_AVAILABILITY = YES_AGGRESSIVE;
				CLANG_WARN_UNREACHABLE_CODE = YES;
				CLANG_WARN__DUPLICATE_METHOD_MATCH = YES;
				CODE_SIGN_IDENTITY = "iPhone Developer";
				COPY_PHASE_STRIP = NO;
				DEBUG_INFORMATION_FORMAT = dwarf;
				ENABLE_STRICT_OBJC_MSGSEND = YES;
				ENABLE_TESTABILITY = YES;
				GCC_C_LANGUAGE_STANDARD = gnu11;
				GCC_DYNAMIC_NO_PIC = NO;
				GCC_NO_COMMON_BLOCKS = YES;
				GCC_OPTIMIZATION_LEVEL = 0;
				GCC_PREPROCESSOR_DEFINITIONS = (
					"DEBUG=1",
					"$(inherited)",
				);
				GCC_WARN_64_TO_32_BIT_CONVERSION = YES;
				GCC_WARN_ABOUT_RETURN_TYPE = YES_ERROR;
				GCC_WARN_UNDECLARED_SELECTOR = YES;
				GCC_WARN_UNINITIALIZED_AUTOS = YES_AGGRESSIVE;
				GCC_WARN_UNUSED_FUNCTION = YES;
				GCC_WARN_UNUSED_VARIABLE = YES;
				IPHONEOS_DEPLOYMENT_TARGET = 11.0;
				MTL_ENABLE_DEBUG_INFO = YES;
				ONLY_ACTIVE_ARCH = YES;
				SDKROOT = iphoneos;
				SWIFT_ACTIVE_COMPILATION_CONDITIONS = DEBUG;
				SWIFT_OPTIMIZATION_LEVEL = "-Onone";
			};
			name = Debug;
		};
		D91D970321D534D900A91F01 /* Release */ = {
			isa = XCBuildConfiguration;
			buildSettings = {
				ALWAYS_SEARCH_USER_PATHS = NO;
				CLANG_ANALYZER_NONNULL = YES;
				CLANG_ANALYZER_NUMBER_OBJECT_CONVERSION = YES_AGGRESSIVE;
				CLANG_CXX_LANGUAGE_STANDARD = "gnu++14";
				CLANG_CXX_LIBRARY = "libc++";
				CLANG_ENABLE_MODULES = YES;
				CLANG_ENABLE_OBJC_ARC = YES;
				CLANG_WARN_BLOCK_CAPTURE_AUTORELEASING = YES;
				CLANG_WARN_BOOL_CONVERSION = YES;
				CLANG_WARN_COMMA = YES;
				CLANG_WARN_CONSTANT_CONVERSION = YES;
				CLANG_WARN_DIRECT_OBJC_ISA_USAGE = YES_ERROR;
				CLANG_WARN_DOCUMENTATION_COMMENTS = YES;
				CLANG_WARN_EMPTY_BODY = YES;
				CLANG_WARN_ENUM_CONVERSION = YES;
				CLANG_WARN_INFINITE_RECURSION = YES;
				CLANG_WARN_INT_CONVERSION = YES;
				CLANG_WARN_NON_LITERAL_NULL_CONVERSION = YES;
				CLANG_WARN_OBJC_LITERAL_CONVERSION = YES;
				CLANG_WARN_OBJC_ROOT_CLASS = YES_ERROR;
				CLANG_WARN_RANGE_LOOP_ANALYSIS = YES;
				CLANG_WARN_STRICT_PROTOTYPES = YES;
				CLANG_WARN_SUSPICIOUS_MOVE = YES;
				CLANG_WARN_UNGUARDED_AVAILABILITY = YES_AGGRESSIVE;
				CLANG_WARN_UNREACHABLE_CODE = YES;
				CLANG_WARN__DUPLICATE_METHOD_MATCH = YES;
				CODE_SIGN_IDENTITY = "iPhone Developer";
				COPY_PHASE_STRIP = NO;
				DEBUG_INFORMATION_FORMAT = "dwarf-with-dsym";
				ENABLE_NS_ASSERTIONS = NO;
				ENABLE_STRICT_OBJC_MSGSEND = YES;
				GCC_C_LANGUAGE_STANDARD = gnu11;
				GCC_NO_COMMON_BLOCKS = YES;
				GCC_WARN_64_TO_32_BIT_CONVERSION = YES;
				GCC_WARN_ABOUT_RETURN_TYPE = YES_ERROR;
				GCC_WARN_UNDECLARED_SELECTOR = YES;
				GCC_WARN_UNINITIALIZED_AUTOS = YES_AGGRESSIVE;
				GCC_WARN_UNUSED_FUNCTION = YES;
				GCC_WARN_UNUSED_VARIABLE = YES;
				IPHONEOS_DEPLOYMENT_TARGET = 11.0;
				MTL_ENABLE_DEBUG_INFO = NO;
				SDKROOT = iphoneos;
				SWIFT_OPTIMIZATION_LEVEL = "-Owholemodule";
				VALIDATE_PRODUCT = YES;
			};
			name = Release;
		};
		D91D970521D534D900A91F01 /* Debug */ = {
			isa = XCBuildConfiguration;
			buildSettings = {
				ASSETCATALOG_COMPILER_APPICON_NAME = AppIcon;
				CODE_SIGN_STYLE = Automatic;
				INFOPLIST_FILE = pitchApp/Info.plist;
				LD_RUNPATH_SEARCH_PATHS = "$(inherited) @executable_path/Frameworks";
				PRODUCT_BUNDLE_IDENTIFIER = identifier.pitchApp;
				PRODUCT_NAME = "$(TARGET_NAME)";
				SWIFT_VERSION = 4.0;
				TARGETED_DEVICE_FAMILY = "1,2";
			};
			name = Debug;
		};
		D91D970621D534D900A91F01 /* Release */ = {
			isa = XCBuildConfiguration;
			buildSettings = {
				ASSETCATALOG_COMPILER_APPICON_NAME = AppIcon;
				CODE_SIGN_STYLE = Automatic;
				INFOPLIST_FILE = pitchApp/Info.plist;
				LD_RUNPATH_SEARCH_PATHS = "$(inherited) @executable_path/Frameworks";
				PRODUCT_BUNDLE_IDENTIFIER = identifier.pitchApp;
				PRODUCT_NAME = "$(TARGET_NAME)";
				SWIFT_VERSION = 4.0;
				TARGETED_DEVICE_FAMILY = "1,2";
			};
			name = Release;
		};
/* End XCBuildConfiguration section */

/* Begin XCConfigurationList section */
		D91D96ED21D534D900A91F01 /* Build configuration list for PBXProject "pitchApp" */ = {
			isa = XCConfigurationList;
			buildConfigurations = (
				D91D970221D534D900A91F01 /* Debug */,
				D91D970321D534D900A91F01 /* Release */,
			);
			defaultConfigurationIsVisible = 0;
			defaultConfigurationName = Release;
		};
		D91D970421D534D900A91F01 /* Build configuration list for PBXNativeTarget "pitchApp" */ = {
			isa = XCConfigurationList;
			buildConfigurations = (
				D91D970521D534D900A91F01 /* Debug */,
				D91D970621D534D900A91F01 /* Release */,
			);
			defaultConfigurationIsVisible = 0;
			defaultConfigurationName = Release;
		};
/* End XCConfigurationList section */
	};
	rootObject = D91D96EA21D534D900A91F01 /* Project object */;
}
